
Microsoft Visual Studio Solution File, Format Version 11.00
# Visual Studio 2010
Project("{FAE04EC0-301F-11D3-BF4B-00C04F79EFBC}") = "SandwichOrderingSystem", "SandwichOrderingSystem\SandwichOrderingSystem.csproj", "{BF4A3ECC-80E8-465E-9E6B-E0EFE6F480B7}"
EndProject
Global
	GlobalSection(SolutionConfigurationPlatforms) = preSolution
		Debug|x86 = Debug|x86
		Release|x86 = Release|x86
	EndGlobalSection
	GlobalSection(ProjectConfigurationPlatforms) = postSolution
		{BF4A3ECC-80E8-465E-9E6B-E0EFE6F480B7}.Debug|x86.ActiveCfg = Debug|x86
		{BF4A3ECC-80E8-465E-9E6B-E0EFE6F480B7}.Debug|x86.Build.0 = Debug|x86
		{BF4A3ECC-80E8-465E-9E6B-E0EFE6F480B7}.Release|x86.ActiveCfg = Release|x86
		{BF4A3ECC-80E8-465E-9E6B-E0EFE6F480B7}.Release|x86.Build.0 = Release|x86
	EndGlobalSection
	GlobalSection(SolutionProperties) = preSolution
		HideSolutionNode = FALSE
	EndGlobalSection
EndGlobal
